
Microsoft Visual Studio Solution File, Format Version 12.00
# Visual Studio Version 16
VisualStudioVersion = 16.0.30114.105
MinimumVisualStudioVersion = 10.0.40219.1
Project("{FAE04EC0-301F-11D3-BF4B-00C04F79EFBC}") = "Kolokwium 2", "Kolokwium 2\Kolokwium 2.csproj", "{268C6541-76D2-4225-9158-5DC03C2B4A8D}"
EndProject
Global
	GlobalSection(SolutionConfigurationPlatforms) = preSolution
		Debug|Any CPU = Debug|Any CPU
		Release|Any CPU = Release|Any CPU
	EndGlobalSection
	GlobalSection(ProjectConfigurationPlatforms) = postSolution
		{268C6541-76D2-4225-9158-5DC03C2B4A8D}.Debug|Any CPU.ActiveCfg = Debug|Any CPU
		{268C6541-76D2-4225-9158-5DC03C2B4A8D}.Debug|Any CPU.Build.0 = Debug|Any CPU
		{268C6541-76D2-4225-9158-5DC03C2B4A8D}.Release|Any CPU.ActiveCfg = Release|Any CPU
		{268C6541-76D2-4225-9158-5DC03C2B4A8D}.Release|Any CPU.Build.0 = Release|Any CPU
	EndGlobalSection
	GlobalSection(SolutionProperties) = preSolution
		HideSolutionNode = FALSE
	EndGlobalSection
	GlobalSection(ExtensibilityGlobals) = postSolution
		SolutionGuid = {0663BBCA-164B-446C-8BE4-069D87DB1623}
	EndGlobalSection
EndGlobal
