
Microsoft Visual Studio Solution File, Format Version 12.00
# Visual Studio Version 16
VisualStudioVersion = 16.0.30114.105
MinimumVisualStudioVersion = 10.0.40219.1
Project("{9A19103F-16F7-4668-BE54-9A1E7A4F7556}") = "Projekt s16696", "Projekt s16696.csproj", "{5D28B514-4005-4F80-AB95-84542FF8C191}"
EndProject
Project("{FAE04EC0-301F-11D3-BF4B-00C04F79EFBC}") = "NUnitTestProject1", "..\NUnitTestProject1\NUnitTestProject1.csproj", "{0BD31F8F-C6CC-4FCC-8BA5-B9EBD16F9C3E}"
EndProject
Global
	GlobalSection(SolutionConfigurationPlatforms) = preSolution
		Debug|Any CPU = Debug|Any CPU
		Release|Any CPU = Release|Any CPU
	EndGlobalSection
	GlobalSection(ProjectConfigurationPlatforms) = postSolution
		{5D28B514-4005-4F80-AB95-84542FF8C191}.Debug|Any CPU.ActiveCfg = Debug|Any CPU
		{5D28B514-4005-4F80-AB95-84542FF8C191}.Debug|Any CPU.Build.0 = Debug|Any CPU
		{5D28B514-4005-4F80-AB95-84542FF8C191}.Release|Any CPU.ActiveCfg = Release|Any CPU
		{5D28B514-4005-4F80-AB95-84542FF8C191}.Release|Any CPU.Build.0 = Release|Any CPU
		{0BD31F8F-C6CC-4FCC-8BA5-B9EBD16F9C3E}.Debug|Any CPU.ActiveCfg = Debug|Any CPU
		{0BD31F8F-C6CC-4FCC-8BA5-B9EBD16F9C3E}.Debug|Any CPU.Build.0 = Debug|Any CPU
		{0BD31F8F-C6CC-4FCC-8BA5-B9EBD16F9C3E}.Release|Any CPU.ActiveCfg = Release|Any CPU
		{0BD31F8F-C6CC-4FCC-8BA5-B9EBD16F9C3E}.Release|Any CPU.Build.0 = Release|Any CPU
	EndGlobalSection
	GlobalSection(SolutionProperties) = preSolution
		HideSolutionNode = FALSE
	EndGlobalSection
	GlobalSection(ExtensibilityGlobals) = postSolution
		SolutionGuid = {2E06907C-49F3-4423-8670-45AE1DC826DB}
	EndGlobalSection
EndGlobal
